
Microsoft Visual Studio Solution File, Format Version 12.00
# Visual Studio Version 17
VisualStudioVersion = 17.12.35527.113 d17.12
MinimumVisualStudioVersion = 10.0.40219.1
Project("{FAE04EC0-301F-11D3-BF4B-00C04F79EFBC}") = "StudentManagementApp", "StudentManagementApp\StudentManagementApp.csproj", "{9BF314DA-CA70-412B-9AE7-DC49922E65E1}"
EndProject
Project("{FAE04EC0-301F-11D3-BF4B-00C04F79EFBC}") = "StudentManagementLibrary", "StudentManagementLibrary\StudentManagementLibrary.csproj", "{BE3918A3-0815-401B-94E4-649806D6D6E4}"
EndProject
Global
	GlobalSection(SolutionConfigurationPlatforms) = preSolution
		Debug|Any CPU = Debug|Any CPU
		Release|Any CPU = Release|Any CPU
	EndGlobalSection
	GlobalSection(ProjectConfigurationPlatforms) = postSolution
		{9BF314DA-CA70-412B-9AE7-DC49922E65E1}.Debug|Any CPU.ActiveCfg = Debug|Any CPU
		{9BF314DA-CA70-412B-9AE7-DC49922E65E1}.Debug|Any CPU.Build.0 = Debug|Any CPU
		{9BF314DA-CA70-412B-9AE7-DC49922E65E1}.Release|Any CPU.ActiveCfg = Release|Any CPU
		{9BF314DA-CA70-412B-9AE7-DC49922E65E1}.Release|Any CPU.Build.0 = Release|Any CPU
		{BE3918A3-0815-401B-94E4-649806D6D6E4}.Debug|Any CPU.ActiveCfg = Debug|Any CPU
		{BE3918A3-0815-401B-94E4-649806D6D6E4}.Debug|Any CPU.Build.0 = Debug|Any CPU
		{BE3918A3-0815-401B-94E4-649806D6D6E4}.Release|Any CPU.ActiveCfg = Release|Any CPU
		{BE3918A3-0815-401B-94E4-649806D6D6E4}.Release|Any CPU.Build.0 = Release|Any CPU
	EndGlobalSection
	GlobalSection(SolutionProperties) = preSolution
		HideSolutionNode = FALSE
	EndGlobalSection
EndGlobal
